// !$*UTF8*$!
{
	archiveVersion = 1;
	classes = {
	};
	objectVersion = 48;
	objects = {

/* Begin PBXBuildFile section */
		6BEF2ADBB1A175088662643E /* Pods_test.framework in Frameworks */ = {isa = PBXBuildFile; fileRef = D0A683F839F4C7C756E688A9 /* Pods_test.framework */; };
		F557CABF1FB5998700151EAF /* AppDelegate.m in Sources */ = {isa = PBXBuildFile; fileRef = F557CABE1FB5998700151EAF /* AppDelegate.m */; };
		F557CAC21FB5998700151EAF /* ViewController.m in Sources */ = {isa = PBXBuildFile; fileRef = F557CAC11FB5998700151EAF /* ViewController.m */; };
		F557CAC51FB5998700151EAF /* Main.storyboard in Resources */ = {isa = PBXBuildFile; fileRef = F557CAC31FB5998700151EAF /* Main.storyboard */; };
		F557CAC71FB5998700151EAF /* Assets.xcassets in Resources */ = {isa = PBXBuildFile; fileRef = F557CAC61FB5998700151EAF /* Assets.xcassets */; };
		F557CACA1FB5998700151EAF /* LaunchScreen.storyboard in Resources */ = {isa = PBXBuildFile; fileRef = F557CAC81FB5998700151EAF /* LaunchScreen.storyboard */; };
		F557CACD1FB5998700151EAF /* main.m in Sources */ = {isa = PBXBuildFile; fileRef = F557CACC1FB5998700151EAF /* main.m */; };
		F557CAD41FB599C500151EAF /* Podfile in Resources */ = {isa = PBXBuildFile; fileRef = F557CAD31FB599C500151EAF /* Podfile */; };
		F557CAD61FB989C100151EAF /* customFilter.fsh in Resources */ = {isa = PBXBuildFile; fileRef = F557CAD51FB989C000151EAF /* customFilter.fsh */; };
/* End PBXBuildFile section */

/* Begin PBXFileReference section */
		68264D5C77E0A8BDF1E02600 /* Pods-test.release.xcconfig */ = {isa = PBXFileReference; includeInIndex = 1; lastKnownFileType = text.xcconfig; name = "Pods-test.release.xcconfig"; path = "Pods/Target Support Files/Pods-test/Pods-test.release.xcconfig"; sourceTree = "<group>"; };
		BD5B42553C9CAF055EABEF73 /* Pods-test.debug.xcconfig */ = {isa = PBXFileReference; includeInIndex = 1; lastKnownFileType = text.xcconfig; name = "Pods-test.debug.xcconfig"; path = "Pods/Target Support Files/Pods-test/Pods-test.debug.xcconfig"; sourceTree = "<group>"; };
		D0A683F839F4C7C756E688A9 /* Pods_test.framework */ = {isa = PBXFileReference; explicitFileType = wrapper.framework; includeInIndex = 0; path = Pods_test.framework; sourceTree = BUILT_PRODUCTS_DIR; };
		F557CABA1FB5998700151EAF /* test.app */ = {isa = PBXFileReference; explicitFileType = wrapper.application; includeInIndex = 0; path = test.app; sourceTree = BUILT_PRODUCTS_DIR; };
		F557CABD1FB5998700151EAF /* AppDelegate.h */ = {isa = PBXFileReference; lastKnownFileType = sourcecode.c.h; path = AppDelegate.h; sourceTree = "<group>"; };
		F557CABE1FB5998700151EAF /* AppDelegate.m */ = {isa = PBXFileReference; lastKnownFileType = sourcecode.c.objc; path = AppDelegate.m; sourceTree = "<group>"; };
		F557CAC01FB5998700151EAF /* ViewController.h */ = {isa = PBXFileReference; lastKnownFileType = sourcecode.c.h; path = ViewController.h; sourceTree = "<group>"; };
		F557CAC11FB5998700151EAF /* ViewController.m */ = {isa = PBXFileReference; lastKnownFileType = sourcecode.c.objc; path = ViewController.m; sourceTree = "<group>"; };
		F557CAC41FB5998700151EAF /* Base */ = {isa = PBXFileReference; lastKnownFileType = file.storyboard; name = Base; path = Base.lproj/Main.storyboard; sourceTree = "<group>"; };
		F557CAC61FB5998700151EAF /* Assets.xcassets */ = {isa = PBXFileReference; lastKnownFileType = folder.assetcatalog; path = Assets.xcassets; sourceTree = "<group>"; };
		F557CAC91FB5998700151EAF /* Base */ = {isa = PBXFileReference; lastKnownFileType = file.storyboard; name = Base; path = Base.lproj/LaunchScreen.storyboard; sourceTree = "<group>"; };
		F557CACB1FB5998700151EAF /* Info.plist */ = {isa = PBXFileReference; lastKnownFileType = text.plist.xml; path = Info.plist; sourceTree = "<group>"; };
		F557CACC1FB5998700151EAF /* main.m */ = {isa = PBXFileReference; lastKnownFileType = sourcecode.c.objc; path = main.m; sourceTree = "<group>"; };
		F557CAD31FB599C500151EAF /* Podfile */ = {isa = PBXFileReference; fileEncoding = 4; lastKnownFileType = text; path = Podfile; sourceTree = "<group>"; };
		F557CAD51FB989C000151EAF /* customFilter.fsh */ = {isa = PBXFileReference; fileEncoding = 4; lastKnownFileType = sourcecode.glsl; path = customFilter.fsh; sourceTree = "<group>"; };
/* End PBXFileReference section */

/* Begin PBXFrameworksBuildPhase section */
		F557CAB71FB5998700151EAF /* Frameworks */ = {
			isa = PBXFrameworksBuildPhase;
			buildActionMask = 2147483647;
			files = (
				6BEF2ADBB1A175088662643E /* Pods_test.framework in Frameworks */,
			);
			runOnlyForDeploymentPostprocessing = 0;
		};
/* End PBXFrameworksBuildPhase section */

/* Begin PBXGroup section */
		3FAE25C5292C59930AFF44EE /* Frameworks */ = {
			isa = PBXGroup;
			children = (
				D0A683F839F4C7C756E688A9 /* Pods_test.framework */,
			);
			name = Frameworks;
			sourceTree = "<group>";
		};
		F557CAB11FB5998700151EAF = {
			isa = PBXGroup;
			children = (
				F557CAD31FB599C500151EAF /* Podfile */,
				F557CABC1FB5998700151EAF /* test */,
				F557CABB1FB5998700151EAF /* Products */,
				FE9F4AF0E735946B17462A96 /* Pods */,
				3FAE25C5292C59930AFF44EE /* Frameworks */,
			);
			sourceTree = "<group>";
		};
		F557CABB1FB5998700151EAF /* Products */ = {
			isa = PBXGroup;
			children = (
				F557CABA1FB5998700151EAF /* test.app */,
			);
			name = Products;
			sourceTree = "<group>";
		};
		F557CABC1FB5998700151EAF /* test */ = {
			isa = PBXGroup;
			children = (
				F557CAD51FB989C000151EAF /* customFilter.fsh */,
				F557CABD1FB5998700151EAF /* AppDelegate.h */,
				F557CABE1FB5998700151EAF /* AppDelegate.m */,
				F557CAC01FB5998700151EAF /* ViewController.h */,
				F557CAC11FB5998700151EAF /* ViewController.m */,
				F557CAC31FB5998700151EAF /* Main.storyboard */,
				F557CAC61FB5998700151EAF /* Assets.xcassets */,
				F557CAC81FB5998700151EAF /* LaunchScreen.storyboard */,
				F557CACB1FB5998700151EAF /* Info.plist */,
				F557CACC1FB5998700151EAF /* main.m */,
			);
			path = test;
			sourceTree = "<group>";
		};
		FE9F4AF0E735946B17462A96 /* Pods */ = {
			isa = PBXGroup;
			children = (
				BD5B42553C9CAF055EABEF73 /* Pods-test.debug.xcconfig */,
				68264D5C77E0A8BDF1E02600 /* Pods-test.release.xcconfig */,
			);
			name = Pods;
			sourceTree = "<group>";
		};
/* End PBXGroup section */

/* Begin PBXNativeTarget section */
		F557CAB91FB5998700151EAF /* test */ = {
			isa = PBXNativeTarget;
			buildConfigurationList = F557CAD01FB5998700151EAF /* Build configuration list for PBXNativeTarget "test" */;
			buildPhases = (
				BEE322D5F7BAD04440CAC499 /* [CP] Check Pods Manifest.lock */,
				F557CAB61FB5998700151EAF /* Sources */,
				F557CAB71FB5998700151EAF /* Frameworks */,
				F557CAB81FB5998700151EAF /* Resources */,
				9074E1B44FE000F4841D6105 /* [CP] Embed Pods Frameworks */,
				572424013255FC2128D531EA /* [CP] Copy Pods Resources */,
			);
			buildRules = (
			);
			dependencies = (
			);
			name = test;
			productName = test;
			productReference = F557CABA1FB5998700151EAF /* test.app */;
			productType = "com.apple.product-type.application";
		};
/* End PBXNativeTarget section */

/* Begin PBXProject section */
		F557CAB21FB5998700151EAF /* Project object */ = {
			isa = PBXProject;
			attributes = {
				LastUpgradeCheck = 0900;
				ORGANIZATIONNAME = dong;
				TargetAttributes = {
					F557CAB91FB5998700151EAF = {
						CreatedOnToolsVersion = 9.0;
						ProvisioningStyle = Automatic;
					};
				};
			};
			buildConfigurationList = F557CAB51FB5998700151EAF /* Build configuration list for PBXProject "test" */;
			compatibilityVersion = "Xcode 8.0";
			developmentRegion = en;
			hasScannedForEncodings = 0;
			knownRegions = (
				en,
				Base,
			);
			mainGroup = F557CAB11FB5998700151EAF;
			productRefGroup = F557CABB1FB5998700151EAF /* Products */;
			projectDirPath = "";
			projectRoot = "";
			targets = (
				F557CAB91FB5998700151EAF /* test */,
			);
		};
/* End PBXProject section */

/* Begin PBXResourcesBuildPhase section */
		F557CAB81FB5998700151EAF /* Resources */ = {
			isa = PBXResourcesBuildPhase;
			buildActionMask = 2147483647;
			files = (
				F557CACA1FB5998700151EAF /* LaunchScreen.storyboard in Resources */,
				F557CAD61FB989C100151EAF /* customFilter.fsh in Resources */,
				F557CAC71FB5998700151EAF /* Assets.xcassets in Resources */,
				F557CAD41FB599C500151EAF /* Podfile in Resources */,
				F557CAC51FB5998700151EAF /* Main.storyboard in Resources */,
			);
			runOnlyForDeploymentPostprocessing = 0;
		};
/* End PBXResourcesBuildPhase section */

/* Begin PBXShellScriptBuildPhase section */
		572424013255FC2128D531EA /* [CP] Copy Pods Resources */ = {
			isa = PBXShellScriptBuildPhase;
			buildActionMask = 2147483647;
			files = (
			);
			inputPaths = (
			);
			name = "[CP] Copy Pods Resources";
			outputPaths = (
			);
			runOnlyForDeploymentPostprocessing = 0;
			shellPath = /bin/sh;
			shellScript = "\"${SRCROOT}/Pods/Target Support Files/Pods-test/Pods-test-resources.sh\"\n";
			showEnvVarsInLog = 0;
		};
		9074E1B44FE000F4841D6105 /* [CP] Embed Pods Frameworks */ = {
			isa = PBXShellScriptBuildPhase;
			buildActionMask = 2147483647;
			files = (
			);
			inputPaths = (
			);
			name = "[CP] Embed Pods Frameworks";
			outputPaths = (
			);
			runOnlyForDeploymentPostprocessing = 0;
			shellPath = /bin/sh;
			shellScript = "\"${SRCROOT}/Pods/Target Support Files/Pods-test/Pods-test-frameworks.sh\"\n";
			showEnvVarsInLog = 0;
		};
		BEE322D5F7BAD04440CAC499 /* [CP] Check Pods Manifest.lock */ = {
			isa = PBXShellScriptBuildPhase;
			buildActionMask = 2147483647;
			files = (
			);
			inputPaths = (
			);
			name = "[CP] Check Pods Manifest.lock";
			outputPaths = (
			);
			runOnlyForDeploymentPostprocessing = 0;
			shellPath = /bin/sh;
			shellScript = "diff \"${PODS_PODFILE_DIR_PATH}/Podfile.lock\" \"${PODS_ROOT}/Manifest.lock\" > /dev/null\nif [ $? != 0 ] ; then\n    # print error to STDERR\n    echo \"error: The sandbox is not in sync with the Podfile.lock. Run 'pod install' or update your CocoaPods installation.\" >&2\n    exit 1\nfi\n";
			showEnvVarsInLog = 0;
		};
/* End PBXShellScriptBuildPhase section */

/* Begin PBXSourcesBuildPhase section */
		F557CAB61FB5998700151EAF /* Sources */ = {
			isa = PBXSourcesBuildPhase;
			buildActionMask = 2147483647;
			files = (
				F557CAC21FB5998700151EAF /* ViewController.m in Sources */,
				F557CACD1FB5998700151EAF /* main.m in Sources */,
				F557CABF1FB5998700151EAF /* AppDelegate.m in Sources */,
			);
			runOnlyForDeploymentPostprocessing = 0;
		};
/* End PBXSourcesBuildPhase section */

/* Begin PBXVariantGroup section */
		F557CAC31FB5998700151EAF /* Main.storyboard */ = {
			isa = PBXVariantGroup;
			children = (
				F557CAC41FB5998700151EAF /* Base */,
			);
			name = Main.storyboard;
			sourceTree = "<group>";
		};
		F557CAC81FB5998700151EAF /* LaunchScreen.storyboard */ = {
			isa = PBXVariantGroup;
			children = (
				F557CAC91FB5998700151EAF /* Base */,
			);
			name = LaunchScreen.storyboard;
			sourceTree = "<group>";
		};
/* End PBXVariantGroup section */

/* Begin XCBuildConfiguration section */
		F557CACE1FB5998700151EAF /* Debug */ = {
			isa = XCBuildConfiguration;
			buildSettings = {
				ALWAYS_SEARCH_USER_PATHS = NO;
				CLANG_ANALYZER_NONNULL = YES;
				CLANG_ANALYZER_NUMBER_OBJECT_CONVERSION = YES_AGGRESSIVE;
				CLANG_CXX_LANGUAGE_STANDARD = "gnu++14";
				CLANG_CXX_LIBRARY = "libc++";
				CLANG_ENABLE_MODULES = YES;
				CLANG_ENABLE_OBJC_ARC = YES;
				CLANG_WARN_BLOCK_CAPTURE_AUTORELEASING = YES;
				CLANG_WARN_BOOL_CONVERSION = YES;
				CLANG_WARN_COMMA = YES;
				CLANG_WARN_CONSTANT_CONVERSION = YES;
				CLANG_WARN_DIRECT_OBJC_ISA_USAGE = YES_ERROR;
				CLANG_WARN_DOCUMENTATION_COMMENTS = YES;
				CLANG_WARN_EMPTY_BODY = YES;
				CLANG_WARN_ENUM_CONVERSION = YES;
				CLANG_WARN_INFINITE_RECURSION = YES;
				CLANG_WARN_INT_CONVERSION = YES;
				CLANG_WARN_NON_LITERAL_NULL_CONVERSION = YES;
				CLANG_WARN_OBJC_LITERAL_CONVERSION = YES;
				CLANG_WARN_OBJC_ROOT_CLASS = YES_ERROR;
				CLANG_WARN_RANGE_LOOP_ANALYSIS = YES;
				CLANG_WARN_STRICT_PROTOTYPES = YES;
				CLANG_WARN_SUSPICIOUS_MOVE = YES;
				CLANG_WARN_UNGUARDED_AVAILABILITY = YES_AGGRESSIVE;
				CLANG_WARN_UNREACHABLE_CODE = YES;
				CLANG_WARN__DUPLICATE_METHOD_MATCH = YES;
				CODE_SIGN_IDENTITY = "iPhone Developer";
				COPY_PHASE_STRIP = NO;
				DEBUG_INFORMATION_FORMAT = dwarf;
				ENABLE_STRICT_OBJC_MSGSEND = YES;
				ENABLE_TESTABILITY = YES;
				GCC_C_LANGUAGE_STANDARD = gnu11;
				GCC_DYNAMIC_NO_PIC = NO;
				GCC_NO_COMMON_BLOCKS = YES;
				GCC_OPTIMIZATION_LEVEL = 0;
				GCC_PREPROCESSOR_DEFINITIONS = (
					"DEBUG=1",
					"$(inherited)",
				);
				GCC_WARN_64_TO_32_BIT_CONVERSION = YES;
				GCC_WARN_ABOUT_RETURN_TYPE = YES_ERROR;
				GCC_WARN_UNDECLARED_SELECTOR = YES;
				GCC_WARN_UNINITIALIZED_AUTOS = YES_AGGRESSIVE;
				GCC_WARN_UNUSED_FUNCTION = YES;
				GCC_WARN_UNUSED_VARIABLE = YES;
				IPHONEOS_DEPLOYMENT_TARGET = 11.0;
				MTL_ENABLE_DEBUG_INFO = YES;
				ONLY_ACTIVE_ARCH = YES;
				SDKROOT = iphoneos;
			};
			name = Debug;
		};
		F557CACF1FB5998700151EAF /* Release */ = {
			isa = XCBuildConfiguration;
			buildSettings = {
				ALWAYS_SEARCH_USER_PATHS = NO;
				CLANG_ANALYZER_NONNULL = YES;
				CLANG_ANALYZER_NUMBER_OBJECT_CONVERSION = YES_AGGRESSIVE;
				CLANG_CXX_LANGUAGE_STANDARD = "gnu++14";
				CLANG_CXX_LIBRARY = "libc++";
				CLANG_ENABLE_MODULES = YES;
				CLANG_ENABLE_OBJC_ARC = YES;
				CLANG_WARN_BLOCK_CAPTURE_AUTORELEASING = YES;
				CLANG_WARN_BOOL_CONVERSION = YES;
				CLANG_WARN_COMMA = YES;
				CLANG_WARN_CONSTANT_CONVERSION = YES;
				CLANG_WARN_DIRECT_OBJC_ISA_USAGE = YES_ERROR;
				CLANG_WARN_DOCUMENTATION_COMMENTS = YES;
				CLANG_WARN_EMPTY_BODY = YES;
				CLANG_WARN_ENUM_CONVERSION = YES;
				CLANG_WARN_INFINITE_RECURSION = YES;
				CLANG_WARN_INT_CONVERSION = YES;
				CLANG_WARN_NON_LITERAL_NULL_CONVERSION = YES;
				CLANG_WARN_OBJC_LITERAL_CONVERSION = YES;
				CLANG_WARN_OBJC_ROOT_CLASS = YES_ERROR;
				CLANG_WARN_RANGE_LOOP_ANALYSIS = YES;
				CLANG_WARN_STRICT_PROTOTYPES = YES;
				CLANG_WARN_SUSPICIOUS_MOVE = YES;
				CLANG_WARN_UNGUARDED_AVAILABILITY = YES_AGGRESSIVE;
				CLANG_WARN_UNREACHABLE_CODE = YES;
				CLANG_WARN__DUPLICATE_METHOD_MATCH = YES;
				CODE_SIGN_IDENTITY = "iPhone Developer";
				COPY_PHASE_STRIP = NO;
				DEBUG_INFORMATION_FORMAT = "dwarf-with-dsym";
				ENABLE_NS_ASSERTIONS = NO;
				ENABLE_STRICT_OBJC_MSGSEND = YES;
				GCC_C_LANGUAGE_STANDARD = gnu11;
				GCC_NO_COMMON_BLOCKS = YES;
				GCC_WARN_64_TO_32_BIT_CONVERSION = YES;
				GCC_WARN_ABOUT_RETURN_TYPE = YES_ERROR;
				GCC_WARN_UNDECLARED_SELECTOR = YES;
				GCC_WARN_UNINITIALIZED_AUTOS = YES_AGGRESSIVE;
				GCC_WARN_UNUSED_FUNCTION = YES;
				GCC_WARN_UNUSED_VARIABLE = YES;
				IPHONEOS_DEPLOYMENT_TARGET = 11.0;
				MTL_ENABLE_DEBUG_INFO = NO;
				SDKROOT = iphoneos;
				VALIDATE_PRODUCT = YES;
			};
			name = Release;
		};
		F557CAD11FB5998700151EAF /* Debug */ = {
			isa = XCBuildConfiguration;
			baseConfigurationReference = BD5B42553C9CAF055EABEF73 /* Pods-test.debug.xcconfig */;
			buildSettings = {
				ASSETCATALOG_COMPILER_APPICON_NAME = AppIcon;
				CODE_SIGN_STYLE = Automatic;
				INFOPLIST_FILE = test/Info.plist;
				LD_RUNPATH_SEARCH_PATHS = "$(inherited) @executable_path/Frameworks";
				PRODUCT_BUNDLE_IDENTIFIER = com.dong.test;
				PRODUCT_NAME = "$(TARGET_NAME)";
				TARGETED_DEVICE_FAMILY = "1,2";
			};
			name = Debug;
		};
		F557CAD21FB5998700151EAF /* Release */ = {
			isa = XCBuildConfiguration;
			baseConfigurationReference = 68264D5C77E0A8BDF1E02600 /* Pods-test.release.xcconfig */;
			buildSettings = {
				ASSETCATALOG_COMPILER_APPICON_NAME = AppIcon;
				CODE_SIGN_STYLE = Automatic;
				INFOPLIST_FILE = test/Info.plist;
				LD_RUNPATH_SEARCH_PATHS = "$(inherited) @executable_path/Frameworks";
				PRODUCT_BUNDLE_IDENTIFIER = com.dong.test;
				PRODUCT_NAME = "$(TARGET_NAME)";
				TARGETED_DEVICE_FAMILY = "1,2";
			};
			name = Release;
		};
/* End XCBuildConfiguration section */

/* Begin XCConfigurationList section */
		F557CAB51FB5998700151EAF /* Build configuration list for PBXProject "test" */ = {
			isa = XCConfigurationList;
			buildConfigurations = (
				F557CACE1FB5998700151EAF /* Debug */,
				F557CACF1FB5998700151EAF /* Release */,
			);
			defaultConfigurationIsVisible = 0;
			defaultConfigurationName = Release;
		};
		F557CAD01FB5998700151EAF /* Build configuration list for PBXNativeTarget "test" */ = {
			isa = XCConfigurationList;
			buildConfigurations = (
				F557CAD11FB5998700151EAF /* Debug */,
				F557CAD21FB5998700151EAF /* Release */,
			);
			defaultConfigurationIsVisible = 0;
			defaultConfigurationName = Release;
		};
/* End XCConfigurationList section */
	};
	rootObject = F557CAB21FB5998700151EAF /* Project object */;
}
